
Microsoft Visual Studio Solution File, Format Version 12.00
# Visual Studio Version 16
VisualStudioVersion = 16.0.32630.194
MinimumVisualStudioVersion = 10.0.40219.1
Project("{FAE04EC0-301F-11D3-BF4B-00C04F79EFBC}") = "IntroObjectsAndClasses", "IntroObjectsAndClasses\IntroObjectsAndClasses.csproj", "{D1DB52AA-F07C-478E-A33C-28B9BFE047BE}"
EndProject
Global
	GlobalSection(SolutionConfigurationPlatforms) = preSolution
		Debug|Any CPU = Debug|Any CPU
		Release|Any CPU = Release|Any CPU
	EndGlobalSection
	GlobalSection(ProjectConfigurationPlatforms) = postSolution
		{D1DB52AA-F07C-478E-A33C-28B9BFE047BE}.Debug|Any CPU.ActiveCfg = Debug|Any CPU
		{D1DB52AA-F07C-478E-A33C-28B9BFE047BE}.Debug|Any CPU.Build.0 = Debug|Any CPU
		{D1DB52AA-F07C-478E-A33C-28B9BFE047BE}.Release|Any CPU.ActiveCfg = Release|Any CPU
		{D1DB52AA-F07C-478E-A33C-28B9BFE047BE}.Release|Any CPU.Build.0 = Release|Any CPU
	EndGlobalSection
	GlobalSection(SolutionProperties) = preSolution
		HideSolutionNode = FALSE
	EndGlobalSection
	GlobalSection(ExtensibilityGlobals) = postSolution
		SolutionGuid = {170021BB-30ED-4C80-9B0A-7EBC598CD0E3}
	EndGlobalSection
EndGlobal
